
Microsoft Visual Studio Solution File, Format Version 12.00
# Visual Studio 15
VisualStudioVersion = 15.0.27130.2036
MinimumVisualStudioVersion = 10.0.40219.1
Project("{FAE04EC0-301F-11D3-BF4B-00C04F79EFBC}") = "BookChapter7", "BookChapter7\BookChapter7.csproj", "{6EF75E79-D367-4B14-8949-DF72B6FCFBF6}"
EndProject
Global
	GlobalSection(SolutionConfigurationPlatforms) = preSolution
		Debug|Any CPU = Debug|Any CPU
		Release|Any CPU = Release|Any CPU
	EndGlobalSection
	GlobalSection(ProjectConfigurationPlatforms) = postSolution
		{6EF75E79-D367-4B14-8949-DF72B6FCFBF6}.Debug|Any CPU.ActiveCfg = Debug|Any CPU
		{6EF75E79-D367-4B14-8949-DF72B6FCFBF6}.Debug|Any CPU.Build.0 = Debug|Any CPU
		{6EF75E79-D367-4B14-8949-DF72B6FCFBF6}.Release|Any CPU.ActiveCfg = Release|Any CPU
		{6EF75E79-D367-4B14-8949-DF72B6FCFBF6}.Release|Any CPU.Build.0 = Release|Any CPU
	EndGlobalSection
	GlobalSection(SolutionProperties) = preSolution
		HideSolutionNode = FALSE
	EndGlobalSection
	GlobalSection(ExtensibilityGlobals) = postSolution
		SolutionGuid = {2FDD2704-034E-4B84-A218-25A0BFF59CE8}
	EndGlobalSection
EndGlobal
